
Microsoft Visual Studio Solution File, Format Version 12.00
# Visual Studio Version 16
VisualStudioVersion = 16.0.31702.278
MinimumVisualStudioVersion = 10.0.40219.1
Project("{FAE04EC0-301F-11D3-BF4B-00C04F79EFBC}") = "Fees", "Fees\Fees.csproj", "{4098E260-AC56-4FEB-9390-0EF65B513336}"
EndProject
Global
	GlobalSection(SolutionConfigurationPlatforms) = preSolution
		Debug|Any CPU = Debug|Any CPU
		Release|Any CPU = Release|Any CPU
	EndGlobalSection
	GlobalSection(ProjectConfigurationPlatforms) = postSolution
		{4098E260-AC56-4FEB-9390-0EF65B513336}.Debug|Any CPU.ActiveCfg = Debug|Any CPU
		{4098E260-AC56-4FEB-9390-0EF65B513336}.Debug|Any CPU.Build.0 = Debug|Any CPU
		{4098E260-AC56-4FEB-9390-0EF65B513336}.Release|Any CPU.ActiveCfg = Release|Any CPU
		{4098E260-AC56-4FEB-9390-0EF65B513336}.Release|Any CPU.Build.0 = Release|Any CPU
	EndGlobalSection
	GlobalSection(SolutionProperties) = preSolution
		HideSolutionNode = FALSE
	EndGlobalSection
	GlobalSection(ExtensibilityGlobals) = postSolution
		SolutionGuid = {1358A4FA-630A-48FC-9278-C8149C4545B2}
	EndGlobalSection
EndGlobal
