
Microsoft Visual Studio Solution File, Format Version 12.00
# Visual Studio Version 16
VisualStudioVersion = 16.0.31702.278
MinimumVisualStudioVersion = 10.0.40219.1
Project("{FAE04EC0-301F-11D3-BF4B-00C04F79EFBC}") = "Sum of list of integers", "Sum of list of integers\Sum of list of integers.csproj", "{C7B04B10-19CC-46D9-A474-B9D982D0EB9F}"
EndProject
Global
	GlobalSection(SolutionConfigurationPlatforms) = preSolution
		Debug|Any CPU = Debug|Any CPU
		Release|Any CPU = Release|Any CPU
	EndGlobalSection
	GlobalSection(ProjectConfigurationPlatforms) = postSolution
		{C7B04B10-19CC-46D9-A474-B9D982D0EB9F}.Debug|Any CPU.ActiveCfg = Debug|Any CPU
		{C7B04B10-19CC-46D9-A474-B9D982D0EB9F}.Debug|Any CPU.Build.0 = Debug|Any CPU
		{C7B04B10-19CC-46D9-A474-B9D982D0EB9F}.Release|Any CPU.ActiveCfg = Release|Any CPU
		{C7B04B10-19CC-46D9-A474-B9D982D0EB9F}.Release|Any CPU.Build.0 = Release|Any CPU
	EndGlobalSection
	GlobalSection(SolutionProperties) = preSolution
		HideSolutionNode = FALSE
	EndGlobalSection
	GlobalSection(ExtensibilityGlobals) = postSolution
		SolutionGuid = {B24A401B-51EE-467F-BD34-25016A3691CC}
	EndGlobalSection
EndGlobal
