
Microsoft Visual Studio Solution File, Format Version 12.00
# Visual Studio Version 16
VisualStudioVersion = 16.0.31702.278
MinimumVisualStudioVersion = 10.0.40219.1
Project("{FAE04EC0-301F-11D3-BF4B-00C04F79EFBC}") = "Classes", "Classes\Classes.csproj", "{15AB9E9B-DA42-40C9-B69C-A8AB5AFB3F0C}"
EndProject
Global
	GlobalSection(SolutionConfigurationPlatforms) = preSolution
		Debug|Any CPU = Debug|Any CPU
		Release|Any CPU = Release|Any CPU
	EndGlobalSection
	GlobalSection(ProjectConfigurationPlatforms) = postSolution
		{15AB9E9B-DA42-40C9-B69C-A8AB5AFB3F0C}.Debug|Any CPU.ActiveCfg = Debug|Any CPU
		{15AB9E9B-DA42-40C9-B69C-A8AB5AFB3F0C}.Debug|Any CPU.Build.0 = Debug|Any CPU
		{15AB9E9B-DA42-40C9-B69C-A8AB5AFB3F0C}.Release|Any CPU.ActiveCfg = Release|Any CPU
		{15AB9E9B-DA42-40C9-B69C-A8AB5AFB3F0C}.Release|Any CPU.Build.0 = Release|Any CPU
	EndGlobalSection
	GlobalSection(SolutionProperties) = preSolution
		HideSolutionNode = FALSE
	EndGlobalSection
	GlobalSection(ExtensibilityGlobals) = postSolution
		SolutionGuid = {13584DF6-552F-4E58-90C3-DB01A03C4066}
	EndGlobalSection
EndGlobal
