
Microsoft Visual Studio Solution File, Format Version 12.00
# Visual Studio Version 16
VisualStudioVersion = 16.0.31702.278
MinimumVisualStudioVersion = 10.0.40219.1
Project("{FAE04EC0-301F-11D3-BF4B-00C04F79EFBC}") = "God bless Kenya using while", "God bless Kenya using while\God bless Kenya using while.csproj", "{E02656E3-A0DE-4D95-ABBC-65CD17F61EEB}"
EndProject
Global
	GlobalSection(SolutionConfigurationPlatforms) = preSolution
		Debug|Any CPU = Debug|Any CPU
		Release|Any CPU = Release|Any CPU
	EndGlobalSection
	GlobalSection(ProjectConfigurationPlatforms) = postSolution
		{E02656E3-A0DE-4D95-ABBC-65CD17F61EEB}.Debug|Any CPU.ActiveCfg = Debug|Any CPU
		{E02656E3-A0DE-4D95-ABBC-65CD17F61EEB}.Debug|Any CPU.Build.0 = Debug|Any CPU
		{E02656E3-A0DE-4D95-ABBC-65CD17F61EEB}.Release|Any CPU.ActiveCfg = Release|Any CPU
		{E02656E3-A0DE-4D95-ABBC-65CD17F61EEB}.Release|Any CPU.Build.0 = Release|Any CPU
	EndGlobalSection
	GlobalSection(SolutionProperties) = preSolution
		HideSolutionNode = FALSE
	EndGlobalSection
	GlobalSection(ExtensibilityGlobals) = postSolution
		SolutionGuid = {FD4006BD-4BCE-4EB1-8D05-71EC656275EA}
	EndGlobalSection
EndGlobal
