
Microsoft Visual Studio Solution File, Format Version 12.00
# Visual Studio Version 16
VisualStudioVersion = 16.0.31729.503
MinimumVisualStudioVersion = 10.0.40219.1
Project("{FAE04EC0-301F-11D3-BF4B-00C04F79EFBC}") = "Gross Pay", "Gross Pay\Gross Pay.csproj", "{4737139B-C32F-4BE0-A8D8-73EE86191B7C}"
EndProject
Global
	GlobalSection(SolutionConfigurationPlatforms) = preSolution
		Debug|Any CPU = Debug|Any CPU
		Release|Any CPU = Release|Any CPU
	EndGlobalSection
	GlobalSection(ProjectConfigurationPlatforms) = postSolution
		{4737139B-C32F-4BE0-A8D8-73EE86191B7C}.Debug|Any CPU.ActiveCfg = Debug|Any CPU
		{4737139B-C32F-4BE0-A8D8-73EE86191B7C}.Debug|Any CPU.Build.0 = Debug|Any CPU
		{4737139B-C32F-4BE0-A8D8-73EE86191B7C}.Release|Any CPU.ActiveCfg = Release|Any CPU
		{4737139B-C32F-4BE0-A8D8-73EE86191B7C}.Release|Any CPU.Build.0 = Release|Any CPU
	EndGlobalSection
	GlobalSection(SolutionProperties) = preSolution
		HideSolutionNode = FALSE
	EndGlobalSection
	GlobalSection(ExtensibilityGlobals) = postSolution
		SolutionGuid = {B7812299-462E-43C2-A0EF-775DF1541751}
	EndGlobalSection
EndGlobal
