
Microsoft Visual Studio Solution File, Format Version 12.00
# Visual Studio Version 16
VisualStudioVersion = 16.0.31729.503
MinimumVisualStudioVersion = 10.0.40219.1
Project("{FAE04EC0-301F-11D3-BF4B-00C04F79EFBC}") = "Student and Grades", "Student and Grades\Student and Grades.csproj", "{D4931B0F-C06C-4ACB-B3E7-ED09381BE039}"
EndProject
Global
	GlobalSection(SolutionConfigurationPlatforms) = preSolution
		Debug|Any CPU = Debug|Any CPU
		Release|Any CPU = Release|Any CPU
	EndGlobalSection
	GlobalSection(ProjectConfigurationPlatforms) = postSolution
		{D4931B0F-C06C-4ACB-B3E7-ED09381BE039}.Debug|Any CPU.ActiveCfg = Debug|Any CPU
		{D4931B0F-C06C-4ACB-B3E7-ED09381BE039}.Debug|Any CPU.Build.0 = Debug|Any CPU
		{D4931B0F-C06C-4ACB-B3E7-ED09381BE039}.Release|Any CPU.ActiveCfg = Release|Any CPU
		{D4931B0F-C06C-4ACB-B3E7-ED09381BE039}.Release|Any CPU.Build.0 = Release|Any CPU
	EndGlobalSection
	GlobalSection(SolutionProperties) = preSolution
		HideSolutionNode = FALSE
	EndGlobalSection
	GlobalSection(ExtensibilityGlobals) = postSolution
		SolutionGuid = {47B0CB4F-842C-48B2-9080-51A3C50D5324}
	EndGlobalSection
EndGlobal
