
Microsoft Visual Studio Solution File, Format Version 12.00
# Visual Studio Version 16
VisualStudioVersion = 16.0.31702.278
MinimumVisualStudioVersion = 10.0.40219.1
Project("{FAE04EC0-301F-11D3-BF4B-00C04F79EFBC}") = "God bless Kenya using for", "God bless Kenya using for\God bless Kenya using for.csproj", "{2594A3CC-D2F1-4D0D-87E4-E663237A84BB}"
EndProject
Global
	GlobalSection(SolutionConfigurationPlatforms) = preSolution
		Debug|Any CPU = Debug|Any CPU
		Release|Any CPU = Release|Any CPU
	EndGlobalSection
	GlobalSection(ProjectConfigurationPlatforms) = postSolution
		{2594A3CC-D2F1-4D0D-87E4-E663237A84BB}.Debug|Any CPU.ActiveCfg = Debug|Any CPU
		{2594A3CC-D2F1-4D0D-87E4-E663237A84BB}.Debug|Any CPU.Build.0 = Debug|Any CPU
		{2594A3CC-D2F1-4D0D-87E4-E663237A84BB}.Release|Any CPU.ActiveCfg = Release|Any CPU
		{2594A3CC-D2F1-4D0D-87E4-E663237A84BB}.Release|Any CPU.Build.0 = Release|Any CPU
	EndGlobalSection
	GlobalSection(SolutionProperties) = preSolution
		HideSolutionNode = FALSE
	EndGlobalSection
	GlobalSection(ExtensibilityGlobals) = postSolution
		SolutionGuid = {815C6A8F-5E70-415B-8EC0-037A6ED9AAD8}
	EndGlobalSection
EndGlobal
