
Microsoft Visual Studio Solution File, Format Version 12.00
# Visual Studio Version 16
VisualStudioVersion = 16.0.31702.278
MinimumVisualStudioVersion = 10.0.40219.1
Project("{FAE04EC0-301F-11D3-BF4B-00C04F79EFBC}") = "Multiplication using while", "Multiplication using while\Multiplication using while.csproj", "{29AA4F72-91BF-4967-BD3F-9EDB122A6C3A}"
EndProject
Global
	GlobalSection(SolutionConfigurationPlatforms) = preSolution
		Debug|Any CPU = Debug|Any CPU
		Release|Any CPU = Release|Any CPU
	EndGlobalSection
	GlobalSection(ProjectConfigurationPlatforms) = postSolution
		{29AA4F72-91BF-4967-BD3F-9EDB122A6C3A}.Debug|Any CPU.ActiveCfg = Debug|Any CPU
		{29AA4F72-91BF-4967-BD3F-9EDB122A6C3A}.Debug|Any CPU.Build.0 = Debug|Any CPU
		{29AA4F72-91BF-4967-BD3F-9EDB122A6C3A}.Release|Any CPU.ActiveCfg = Release|Any CPU
		{29AA4F72-91BF-4967-BD3F-9EDB122A6C3A}.Release|Any CPU.Build.0 = Release|Any CPU
	EndGlobalSection
	GlobalSection(SolutionProperties) = preSolution
		HideSolutionNode = FALSE
	EndGlobalSection
	GlobalSection(ExtensibilityGlobals) = postSolution
		SolutionGuid = {C27CBB25-346A-42DD-A671-9FADF558EEA8}
	EndGlobalSection
EndGlobal
