
Microsoft Visual Studio Solution File, Format Version 12.00
# Visual Studio Version 16
VisualStudioVersion = 16.0.31729.503
MinimumVisualStudioVersion = 10.0.40219.1
Project("{FAE04EC0-301F-11D3-BF4B-00C04F79EFBC}") = "Temperature", "Temperature\Temperature.csproj", "{1FAAD71D-94ED-4F30-BFDB-F7285864074D}"
EndProject
Global
	GlobalSection(SolutionConfigurationPlatforms) = preSolution
		Debug|Any CPU = Debug|Any CPU
		Release|Any CPU = Release|Any CPU
	EndGlobalSection
	GlobalSection(ProjectConfigurationPlatforms) = postSolution
		{1FAAD71D-94ED-4F30-BFDB-F7285864074D}.Debug|Any CPU.ActiveCfg = Debug|Any CPU
		{1FAAD71D-94ED-4F30-BFDB-F7285864074D}.Debug|Any CPU.Build.0 = Debug|Any CPU
		{1FAAD71D-94ED-4F30-BFDB-F7285864074D}.Release|Any CPU.ActiveCfg = Release|Any CPU
		{1FAAD71D-94ED-4F30-BFDB-F7285864074D}.Release|Any CPU.Build.0 = Release|Any CPU
	EndGlobalSection
	GlobalSection(SolutionProperties) = preSolution
		HideSolutionNode = FALSE
	EndGlobalSection
	GlobalSection(ExtensibilityGlobals) = postSolution
		SolutionGuid = {087BFE0B-B24F-43A3-8325-AEB04821FB06}
	EndGlobalSection
EndGlobal
