
Microsoft Visual Studio Solution File, Format Version 12.00
# Visual Studio Version 16
VisualStudioVersion = 16.0.31729.503
MinimumVisualStudioVersion = 10.0.40219.1
Project("{FAE04EC0-301F-11D3-BF4B-00C04F79EFBC}") = "Display 1 to 10 using do while loop", "Display 1 to 10 using do while loop\Display 1 to 10 using do while loop.csproj", "{F31F5CE9-F8A2-47E4-B951-DEB5CF05F0D0}"
EndProject
Global
	GlobalSection(SolutionConfigurationPlatforms) = preSolution
		Debug|Any CPU = Debug|Any CPU
		Release|Any CPU = Release|Any CPU
	EndGlobalSection
	GlobalSection(ProjectConfigurationPlatforms) = postSolution
		{F31F5CE9-F8A2-47E4-B951-DEB5CF05F0D0}.Debug|Any CPU.ActiveCfg = Debug|Any CPU
		{F31F5CE9-F8A2-47E4-B951-DEB5CF05F0D0}.Debug|Any CPU.Build.0 = Debug|Any CPU
		{F31F5CE9-F8A2-47E4-B951-DEB5CF05F0D0}.Release|Any CPU.ActiveCfg = Release|Any CPU
		{F31F5CE9-F8A2-47E4-B951-DEB5CF05F0D0}.Release|Any CPU.Build.0 = Release|Any CPU
	EndGlobalSection
	GlobalSection(SolutionProperties) = preSolution
		HideSolutionNode = FALSE
	EndGlobalSection
	GlobalSection(ExtensibilityGlobals) = postSolution
		SolutionGuid = {15C98087-D687-45CD-9DB7-0CC65B116E68}
	EndGlobalSection
EndGlobal
